
Microsoft Visual Studio Solution File, Format Version 12.00
# Visual Studio Version 17
VisualStudioVersion = 17.5.002.0
MinimumVisualStudioVersion = 10.0.40219.1
Project("{2150E333-8FDC-42A3-9474-1A3956D46DE8}") = "csharp-prep", "csharp-prep", "{2D86946F-DE44-4A6C-BE45-1F1322E9F07D}"
EndProject
Project("{9A19103F-16F7-4668-BE54-9A1E7A4F7556}") = "Prep1", "csharp-prep\Prep1\Prep1.csproj", "{FA5AF536-A262-4915-81FC-083AE1238072}"
EndProject
Project("{9A19103F-16F7-4668-BE54-9A1E7A4F7556}") = "Prep2", "csharp-prep\Prep2\Prep2.csproj", "{809E328E-0E95-433F-BCEF-317C88B92A07}"
EndProject
Project("{9A19103F-16F7-4668-BE54-9A1E7A4F7556}") = "Prep3", "csharp-prep\Prep3\Prep3.csproj", "{401EA5B2-7B65-4F8C-800D-5DA58D8E9E8E}"
EndProject
Project("{9A19103F-16F7-4668-BE54-9A1E7A4F7556}") = "Prep4", "csharp-prep\Prep4\Prep4.csproj", "{CE847A35-9F20-4D68-BC5C-B81F3B30DB62}"
EndProject
Project("{9A19103F-16F7-4668-BE54-9A1E7A4F7556}") = "Prep5", "csharp-prep\Prep5\Prep5.csproj", "{4F09BE09-C468-418C-901C-B2061C8678D3}"
EndProject
Project("{2150E333-8FDC-42A3-9474-1A3956D46DE8}") = "final", "final", "{F84EAF7C-2622-414F-8F8C-FDC9236B5454}"
EndProject
Project("{9A19103F-16F7-4668-BE54-9A1E7A4F7556}") = "FinalProject", "final\FinalProject\FinalProject.csproj", "{3BFBD7B7-6C90-46EA-9381-B63AE4EC8762}"
EndProject
Project("{9A19103F-16F7-4668-BE54-9A1E7A4F7556}") = "Foundation1", "final\Foundation1\Foundation1.csproj", "{D8641E33-4C17-4845-882A-49BCD938C03A}"
EndProject
Project("{9A19103F-16F7-4668-BE54-9A1E7A4F7556}") = "Foundation2", "final\Foundation2\Foundation2.csproj", "{EE0E3F00-7A75-4D31-9DD4-145BFE7158C5}"
EndProject
Project("{9A19103F-16F7-4668-BE54-9A1E7A4F7556}") = "Foundation3", "final\Foundation3\Foundation3.csproj", "{CF1C2542-C34C-4CF1-BCB6-F19A46CE8695}"
EndProject
Project("{9A19103F-16F7-4668-BE54-9A1E7A4F7556}") = "Foundation4", "final\Foundation4\Foundation4.csproj", "{E87D3EE6-DD59-4D2F-9BDE-3AA6B05C25E9}"
EndProject
Project("{2150E333-8FDC-42A3-9474-1A3956D46DE8}") = "prepare", "prepare", "{609E0073-53EA-4E4D-8362-5A1C280611A6}"
EndProject
Project("{9A19103F-16F7-4668-BE54-9A1E7A4F7556}") = "Learning02", "prepare\Learning02\Learning02.csproj", "{E0D152A9-D7B7-4467-AB1E-E92C95BEE9E3}"
EndProject
Project("{9A19103F-16F7-4668-BE54-9A1E7A4F7556}") = "Learning03", "prepare\Learning03\Learning03.csproj", "{83ED9821-07CB-472D-A736-C9EF3595EDA8}"
EndProject
Project("{9A19103F-16F7-4668-BE54-9A1E7A4F7556}") = "Learning04", "prepare\Learning04\Learning04.csproj", "{4309B79A-5A19-4382-8776-9B04B162C896}"
EndProject
Project("{9A19103F-16F7-4668-BE54-9A1E7A4F7556}") = "Learning05", "prepare\Learning05\Learning05.csproj", "{83A38293-4DA6-44B8-840A-89171723C4B6}"
EndProject
Project("{2150E333-8FDC-42A3-9474-1A3956D46DE8}") = "prove", "prove", "{45D1AA49-6B7F-4D92-AC62-D3553DC6698B}"
EndProject
Project("{9A19103F-16F7-4668-BE54-9A1E7A4F7556}") = "Develop02", "prove\Develop02\Develop02.csproj", "{232789E3-373D-49BD-9985-8702E914F884}"
EndProject
Project("{9A19103F-16F7-4668-BE54-9A1E7A4F7556}") = "Develop03", "prove\Develop03\Develop03.csproj", "{6A1CE69B-B0D8-4366-9CA4-71DB56075FA5}"
EndProject
Project("{9A19103F-16F7-4668-BE54-9A1E7A4F7556}") = "Develop04", "prove\Develop04\Develop04.csproj", "{43A55432-3869-4F08-93E0-995FE88D3438}"
EndProject
Project("{9A19103F-16F7-4668-BE54-9A1E7A4F7556}") = "Develop05", "prove\Develop05\Develop05.csproj", "{879A575F-C2D9-4426-AB01-C1A73B270712}"
EndProject
Project("{2150E333-8FDC-42A3-9474-1A3956D46DE8}") = "sandbox", "sandbox", "{779AF2DA-E4D1-4686-9114-6DF84EEE17CE}"
EndProject
Project("{9A19103F-16F7-4668-BE54-9A1E7A4F7556}") = "Sandbox", "sandbox\Sandbox\Sandbox.csproj", "{4EC85599-880F-4BC0-B013-D90D8CD2F6CC}"
EndProject
Global
	GlobalSection(SolutionConfigurationPlatforms) = preSolution
		Debug|Any CPU = Debug|Any CPU
		Release|Any CPU = Release|Any CPU
	EndGlobalSection
	GlobalSection(ProjectConfigurationPlatforms) = postSolution
		{FA5AF536-A262-4915-81FC-083AE1238072}.Debug|Any CPU.ActiveCfg = Debug|Any CPU
		{FA5AF536-A262-4915-81FC-083AE1238072}.Debug|Any CPU.Build.0 = Debug|Any CPU
		{FA5AF536-A262-4915-81FC-083AE1238072}.Release|Any CPU.ActiveCfg = Release|Any CPU
		{FA5AF536-A262-4915-81FC-083AE1238072}.Release|Any CPU.Build.0 = Release|Any CPU
		{809E328E-0E95-433F-BCEF-317C88B92A07}.Debug|Any CPU.ActiveCfg = Debug|Any CPU
		{809E328E-0E95-433F-BCEF-317C88B92A07}.Debug|Any CPU.Build.0 = Debug|Any CPU
		{809E328E-0E95-433F-BCEF-317C88B92A07}.Release|Any CPU.ActiveCfg = Release|Any CPU
		{809E328E-0E95-433F-BCEF-317C88B92A07}.Release|Any CPU.Build.0 = Release|Any CPU
		{401EA5B2-7B65-4F8C-800D-5DA58D8E9E8E}.Debug|Any CPU.ActiveCfg = Debug|Any CPU
		{401EA5B2-7B65-4F8C-800D-5DA58D8E9E8E}.Debug|Any CPU.Build.0 = Debug|Any CPU
		{401EA5B2-7B65-4F8C-800D-5DA58D8E9E8E}.Release|Any CPU.ActiveCfg = Release|Any CPU
		{401EA5B2-7B65-4F8C-800D-5DA58D8E9E8E}.Release|Any CPU.Build.0 = Release|Any CPU
		{CE847A35-9F20-4D68-BC5C-B81F3B30DB62}.Debug|Any CPU.ActiveCfg = Debug|Any CPU
		{CE847A35-9F20-4D68-BC5C-B81F3B30DB62}.Debug|Any CPU.Build.0 = Debug|Any CPU
		{CE847A35-9F20-4D68-BC5C-B81F3B30DB62}.Release|Any CPU.ActiveCfg = Release|Any CPU
		{CE847A35-9F20-4D68-BC5C-B81F3B30DB62}.Release|Any CPU.Build.0 = Release|Any CPU
		{4F09BE09-C468-418C-901C-B2061C8678D3}.Debug|Any CPU.ActiveCfg = Debug|Any CPU
		{4F09BE09-C468-418C-901C-B2061C8678D3}.Debug|Any CPU.Build.0 = Debug|Any CPU
		{4F09BE09-C468-418C-901C-B2061C8678D3}.Release|Any CPU.ActiveCfg = Release|Any CPU
		{4F09BE09-C468-418C-901C-B2061C8678D3}.Release|Any CPU.Build.0 = Release|Any CPU
		{3BFBD7B7-6C90-46EA-9381-B63AE4EC8762}.Debug|Any CPU.ActiveCfg = Debug|Any CPU
		{3BFBD7B7-6C90-46EA-9381-B63AE4EC8762}.Debug|Any CPU.Build.0 = Debug|Any CPU
		{3BFBD7B7-6C90-46EA-9381-B63AE4EC8762}.Release|Any CPU.ActiveCfg = Release|Any CPU
		{3BFBD7B7-6C90-46EA-9381-B63AE4EC8762}.Release|Any CPU.Build.0 = Release|Any CPU
		{D8641E33-4C17-4845-882A-49BCD938C03A}.Debug|Any CPU.ActiveCfg = Debug|Any CPU
		{D8641E33-4C17-4845-882A-49BCD938C03A}.Debug|Any CPU.Build.0 = Debug|Any CPU
		{D8641E33-4C17-4845-882A-49BCD938C03A}.Release|Any CPU.ActiveCfg = Release|Any CPU
		{D8641E33-4C17-4845-882A-49BCD938C03A}.Release|Any CPU.Build.0 = Release|Any CPU
		{EE0E3F00-7A75-4D31-9DD4-145BFE7158C5}.Debug|Any CPU.ActiveCfg = Debug|Any CPU
		{EE0E3F00-7A75-4D31-9DD4-145BFE7158C5}.Debug|Any CPU.Build.0 = Debug|Any CPU
		{EE0E3F00-7A75-4D31-9DD4-145BFE7158C5}.Release|Any CPU.ActiveCfg = Release|Any CPU
		{EE0E3F00-7A75-4D31-9DD4-145BFE7158C5}.Release|Any CPU.Build.0 = Release|Any CPU
		{CF1C2542-C34C-4CF1-BCB6-F19A46CE8695}.Debug|Any CPU.ActiveCfg = Debug|Any CPU
		{CF1C2542-C34C-4CF1-BCB6-F19A46CE8695}.Debug|Any CPU.Build.0 = Debug|Any CPU
		{CF1C2542-C34C-4CF1-BCB6-F19A46CE8695}.Release|Any CPU.ActiveCfg = Release|Any CPU
		{CF1C2542-C34C-4CF1-BCB6-F19A46CE8695}.Release|Any CPU.Build.0 = Release|Any CPU
		{E87D3EE6-DD59-4D2F-9BDE-3AA6B05C25E9}.Debug|Any CPU.ActiveCfg = Debug|Any CPU
		{E87D3EE6-DD59-4D2F-9BDE-3AA6B05C25E9}.Debug|Any CPU.Build.0 = Debug|Any CPU
		{E87D3EE6-DD59-4D2F-9BDE-3AA6B05C25E9}.Release|Any CPU.ActiveCfg = Release|Any CPU
		{E87D3EE6-DD59-4D2F-9BDE-3AA6B05C25E9}.Release|Any CPU.Build.0 = Release|Any CPU
		{E0D152A9-D7B7-4467-AB1E-E92C95BEE9E3}.Debug|Any CPU.ActiveCfg = Debug|Any CPU
		{E0D152A9-D7B7-4467-AB1E-E92C95BEE9E3}.Debug|Any CPU.Build.0 = Debug|Any CPU
		{E0D152A9-D7B7-4467-AB1E-E92C95BEE9E3}.Release|Any CPU.ActiveCfg = Release|Any CPU
		{E0D152A9-D7B7-4467-AB1E-E92C95BEE9E3}.Release|Any CPU.Build.0 = Release|Any CPU
		{83ED9821-07CB-472D-A736-C9EF3595EDA8}.Debug|Any CPU.ActiveCfg = Debug|Any CPU
		{83ED9821-07CB-472D-A736-C9EF3595EDA8}.Debug|Any CPU.Build.0 = Debug|Any CPU
		{83ED9821-07CB-472D-A736-C9EF3595EDA8}.Release|Any CPU.ActiveCfg = Release|Any CPU
		{83ED9821-07CB-472D-A736-C9EF3595EDA8}.Release|Any CPU.Build.0 = Release|Any CPU
		{4309B79A-5A19-4382-8776-9B04B162C896}.Debug|Any CPU.ActiveCfg = Debug|Any CPU
		{4309B79A-5A19-4382-8776-9B04B162C896}.Debug|Any CPU.Build.0 = Debug|Any CPU
		{4309B79A-5A19-4382-8776-9B04B162C896}.Release|Any CPU.ActiveCfg = Release|Any CPU
		{4309B79A-5A19-4382-8776-9B04B162C896}.Release|Any CPU.Build.0 = Release|Any CPU
		{83A38293-4DA6-44B8-840A-89171723C4B6}.Debug|Any CPU.ActiveCfg = Debug|Any CPU
		{83A38293-4DA6-44B8-840A-89171723C4B6}.Debug|Any CPU.Build.0 = Debug|Any CPU
		{83A38293-4DA6-44B8-840A-89171723C4B6}.Release|Any CPU.ActiveCfg = Release|Any CPU
		{83A38293-4DA6-44B8-840A-89171723C4B6}.Release|Any CPU.Build.0 = Release|Any CPU
		{232789E3-373D-49BD-9985-8702E914F884}.Debug|Any CPU.ActiveCfg = Debug|Any CPU
		{232789E3-373D-49BD-9985-8702E914F884}.Debug|Any CPU.Build.0 = Debug|Any CPU
		{232789E3-373D-49BD-9985-8702E914F884}.Release|Any CPU.ActiveCfg = Release|Any CPU
		{232789E3-373D-49BD-9985-8702E914F884}.Release|Any CPU.Build.0 = Release|Any CPU
		{6A1CE69B-B0D8-4366-9CA4-71DB56075FA5}.Debug|Any CPU.ActiveCfg = Debug|Any CPU
		{6A1CE69B-B0D8-4366-9CA4-71DB56075FA5}.Debug|Any CPU.Build.0 = Debug|Any CPU
		{6A1CE69B-B0D8-4366-9CA4-71DB56075FA5}.Release|Any CPU.ActiveCfg = Release|Any CPU
		{6A1CE69B-B0D8-4366-9CA4-71DB56075FA5}.Release|Any CPU.Build.0 = Release|Any CPU
		{43A55432-3869-4F08-93E0-995FE88D3438}.Debug|Any CPU.ActiveCfg = Debug|Any CPU
		{43A55432-3869-4F08-93E0-995FE88D3438}.Debug|Any CPU.Build.0 = Debug|Any CPU
		{43A55432-3869-4F08-93E0-995FE88D3438}.Release|Any CPU.ActiveCfg = Release|Any CPU
		{43A55432-3869-4F08-93E0-995FE88D3438}.Release|Any CPU.Build.0 = Release|Any CPU
		{879A575F-C2D9-4426-AB01-C1A73B270712}.Debug|Any CPU.ActiveCfg = Debug|Any CPU
		{879A575F-C2D9-4426-AB01-C1A73B270712}.Debug|Any CPU.Build.0 = Debug|Any CPU
		{879A575F-C2D9-4426-AB01-C1A73B270712}.Release|Any CPU.ActiveCfg = Release|Any CPU
		{879A575F-C2D9-4426-AB01-C1A73B270712}.Release|Any CPU.Build.0 = Release|Any CPU
		{4EC85599-880F-4BC0-B013-D90D8CD2F6CC}.Debug|Any CPU.ActiveCfg = Debug|Any CPU
		{4EC85599-880F-4BC0-B013-D90D8CD2F6CC}.Debug|Any CPU.Build.0 = Debug|Any CPU
		{4EC85599-880F-4BC0-B013-D90D8CD2F6CC}.Release|Any CPU.ActiveCfg = Release|Any CPU
		{4EC85599-880F-4BC0-B013-D90D8CD2F6CC}.Release|Any CPU.Build.0 = Release|Any CPU
	EndGlobalSection
	GlobalSection(SolutionProperties) = preSolution
		HideSolutionNode = FALSE
	EndGlobalSection
	GlobalSection(NestedProjects) = preSolution
		{FA5AF536-A262-4915-81FC-083AE1238072} = {2D86946F-DE44-4A6C-BE45-1F1322E9F07D}
		{809E328E-0E95-433F-BCEF-317C88B92A07} = {2D86946F-DE44-4A6C-BE45-1F1322E9F07D}
		{401EA5B2-7B65-4F8C-800D-5DA58D8E9E8E} = {2D86946F-DE44-4A6C-BE45-1F1322E9F07D}
		{CE847A35-9F20-4D68-BC5C-B81F3B30DB62} = {2D86946F-DE44-4A6C-BE45-1F1322E9F07D}
		{4F09BE09-C468-418C-901C-B2061C8678D3} = {2D86946F-DE44-4A6C-BE45-1F1322E9F07D}
		{3BFBD7B7-6C90-46EA-9381-B63AE4EC8762} = {F84EAF7C-2622-414F-8F8C-FDC9236B5454}
		{D8641E33-4C17-4845-882A-49BCD938C03A} = {F84EAF7C-2622-414F-8F8C-FDC9236B5454}
		{EE0E3F00-7A75-4D31-9DD4-145BFE7158C5} = {F84EAF7C-2622-414F-8F8C-FDC9236B5454}
		{CF1C2542-C34C-4CF1-BCB6-F19A46CE8695} = {F84EAF7C-2622-414F-8F8C-FDC9236B5454}
		{E87D3EE6-DD59-4D2F-9BDE-3AA6B05C25E9} = {F84EAF7C-2622-414F-8F8C-FDC9236B5454}
		{E0D152A9-D7B7-4467-AB1E-E92C95BEE9E3} = {609E0073-53EA-4E4D-8362-5A1C280611A6}
		{83ED9821-07CB-472D-A736-C9EF3595EDA8} = {609E0073-53EA-4E4D-8362-5A1C280611A6}
		{4309B79A-5A19-4382-8776-9B04B162C896} = {609E0073-53EA-4E4D-8362-5A1C280611A6}
		{83A38293-4DA6-44B8-840A-89171723C4B6} = {609E0073-53EA-4E4D-8362-5A1C280611A6}
		{232789E3-373D-49BD-9985-8702E914F884} = {45D1AA49-6B7F-4D92-AC62-D3553DC6698B}
		{6A1CE69B-B0D8-4366-9CA4-71DB56075FA5} = {45D1AA49-6B7F-4D92-AC62-D3553DC6698B}
		{43A55432-3869-4F08-93E0-995FE88D3438} = {45D1AA49-6B7F-4D92-AC62-D3553DC6698B}
		{879A575F-C2D9-4426-AB01-C1A73B270712} = {45D1AA49-6B7F-4D92-AC62-D3553DC6698B}
		{4EC85599-880F-4BC0-B013-D90D8CD2F6CC} = {779AF2DA-E4D1-4686-9114-6DF84EEE17CE}
	EndGlobalSection
	GlobalSection(ExtensibilityGlobals) = postSolution
		SolutionGuid = {16574684-A9B8-472B-BD38-DF3B5D852A9F}
	EndGlobalSection
EndGlobal
